<?xml version="1.0" encoding="utf-8"?>
<Project ToolsVersion="4.0" xmlns="http://schemas.microsoft.com/developer/msbuild/2003">
  <ItemGroup>
    <Filter Include="Source Files">
      <UniqueIdentifier>{4FC737F1-C7A5-4376-A066-2A32D752A2FF}</UniqueIdentifier>
      <Extensions>cpp;c;cc;cxx;def;odl;idl;hpj;bat;asm;asmx</Extensions>
    </Filter>
    <Filter Include="Header Files">
      <UniqueIdentifier>{93995380-89BD-4b04-88EB-625FBE52EBFB}</UniqueIdentifier>
      <Extensions>h;hh;hpp;hxx;hm;inl;inc;xsd</Extensions>
    </Filter>
    <Filter Include="Resource Files">
      <UniqueIdentifier>{67DA6AB6-F800-4c08-8B7A-83BB121AAD01}</UniqueIdentifier>
      <Extensions>rc;ico;cur;bmp;dlg;rc2;rct;bin;rgs;gif;jpg;jpeg;jpe;resx;tiff;tif;png;wav;mfcribbon-ms</Extensions>
    </Filter>
    <Filter Include="FastUDP">
      <UniqueIdentifier>{6dc5365d-c3db-4570-bf28-ad6dd19fddcc}</UniqueIdentifier>
    </Filter>
    <Filter Include="MachineReader">
      <UniqueIdentifier>{3cdf0a02-bf6d-4491-b2b7-329a19ebb5a2}</UniqueIdentifier>
    </Filter>
    <Filter Include="playMedia">
      <UniqueIdentifier>{3f7588a9-8173-4bfc-b7b2-54860a46cdc4}</UniqueIdentifier>
    </Filter>
    <Filter Include="deskMedia">
      <UniqueIdentifier>{5336e947-d94e-4682-81f0-b1a5d167ff6a}</UniqueIdentifier>
    </Filter>
  </ItemGroup>
  <ItemGroup>
    <ClCompile Include="main.cpp">
      <Filter>Source Files</Filter>
    </ClCompile>
    <ClCompile Include="remapImage.cpp">
      <Filter>Source Files</Filter>
    </ClCompile>
    <ClCompile Include="FastUDP\MParamReader.cpp">
      <Filter>FastUDP</Filter>
    </ClCompile>
    <ClCompile Include="FastUDP\MFastUDP.cpp">
      <Filter>FastUDP</Filter>
    </ClCompile>
    <ClCompile Include="machineReader.cpp">
      <Filter>MachineReader</Filter>
    </ClCompile>
    <ClCompile Include="deskMedia.cpp">
      <Filter>deskMedia</Filter>
    </ClCompile>
  </ItemGroup>
  <ItemGroup>
    <ClInclude Include="main.h">
      <Filter>Header Files</Filter>
    </ClInclude>
    <ClInclude Include="PM_Hub.h">
      <Filter>Header Files</Filter>
    </ClInclude>
    <ClInclude Include="remapImage.h">
      <Filter>Header Files</Filter>
    </ClInclude>
    <ClInclude Include="DsCapture.h">
      <Filter>Header Files</Filter>
    </ClInclude>
    <ClInclude Include="ICamera.h">
      <Filter>Header Files</Filter>
    </ClInclude>
    <ClInclude Include="dscaptureimpexp.h">
      <Filter>Header Files</Filter>
    </ClInclude>
    <ClInclude Include="FastUDP\MParamReader.h">
      <Filter>FastUDP</Filter>
    </ClInclude>
    <ClInclude Include="FastUDP\MFastUDP.h">
      <Filter>FastUDP</Filter>
    </ClInclude>
    <ClInclude Include="machineReader.h">
      <Filter>MachineReader</Filter>
    </ClInclude>
    <ClInclude Include="deskMedia.h">
      <Filter>deskMedia</Filter>
    </ClInclude>
  </ItemGroup>
</Project>